
Microsoft Visual Studio Solution File, Format Version 12.00
# Visual Studio Version 16
VisualStudioVersion = 16.0.28803.352
MinimumVisualStudioVersion = 10.0.40219.1
Project("{9A19103F-16F7-4668-BE54-9A1E7A4F7556}") = "coreHome", "coreHome\coreHome.csproj", "{F4936AB3-4EA2-4787-A15D-302B5233027B}"
EndProject
Project("{9A19103F-16F7-4668-BE54-9A1E7A4F7556}") = "DataContext", "DataContext\DataContext.csproj", "{8D490557-9257-467A-8D4E-2E32E79E55C7}"
EndProject
Project("{9A19103F-16F7-4668-BE54-9A1E7A4F7556}") = "admin", "admin\admin.csproj", "{C205D4FF-8418-4A18-B4CC-8FDA50BFC78E}"
EndProject
Project("{9A19103F-16F7-4668-BE54-9A1E7A4F7556}") = "Infrastructure", "Infrastructure\Infrastructure.csproj", "{87AC093B-72A8-4563-B5C1-44CB42A674EF}"
EndProject
Global
	GlobalSection(SolutionConfigurationPlatforms) = preSolution
		Debug|Any CPU = Debug|Any CPU
		Release|Any CPU = Release|Any CPU
	EndGlobalSection
	GlobalSection(ProjectConfigurationPlatforms) = postSolution
		{F4936AB3-4EA2-4787-A15D-302B5233027B}.Debug|Any CPU.ActiveCfg = Debug|Any CPU
		{F4936AB3-4EA2-4787-A15D-302B5233027B}.Debug|Any CPU.Build.0 = Debug|Any CPU
		{F4936AB3-4EA2-4787-A15D-302B5233027B}.Release|Any CPU.ActiveCfg = Release|Any CPU
		{F4936AB3-4EA2-4787-A15D-302B5233027B}.Release|Any CPU.Build.0 = Release|Any CPU
		{8D490557-9257-467A-8D4E-2E32E79E55C7}.Debug|Any CPU.ActiveCfg = Debug|Any CPU
		{8D490557-9257-467A-8D4E-2E32E79E55C7}.Debug|Any CPU.Build.0 = Debug|Any CPU
		{8D490557-9257-467A-8D4E-2E32E79E55C7}.Release|Any CPU.ActiveCfg = Release|Any CPU
		{8D490557-9257-467A-8D4E-2E32E79E55C7}.Release|Any CPU.Build.0 = Release|Any CPU
		{C205D4FF-8418-4A18-B4CC-8FDA50BFC78E}.Debug|Any CPU.ActiveCfg = Debug|Any CPU
		{C205D4FF-8418-4A18-B4CC-8FDA50BFC78E}.Debug|Any CPU.Build.0 = Debug|Any CPU
		{C205D4FF-8418-4A18-B4CC-8FDA50BFC78E}.Release|Any CPU.ActiveCfg = Release|Any CPU
		{C205D4FF-8418-4A18-B4CC-8FDA50BFC78E}.Release|Any CPU.Build.0 = Release|Any CPU
		{87AC093B-72A8-4563-B5C1-44CB42A674EF}.Debug|Any CPU.ActiveCfg = Debug|Any CPU
		{87AC093B-72A8-4563-B5C1-44CB42A674EF}.Debug|Any CPU.Build.0 = Debug|Any CPU
		{87AC093B-72A8-4563-B5C1-44CB42A674EF}.Release|Any CPU.ActiveCfg = Release|Any CPU
		{87AC093B-72A8-4563-B5C1-44CB42A674EF}.Release|Any CPU.Build.0 = Release|Any CPU
	EndGlobalSection
	GlobalSection(SolutionProperties) = preSolution
		HideSolutionNode = FALSE
	EndGlobalSection
	GlobalSection(ExtensibilityGlobals) = postSolution
		SolutionGuid = {D2A5474B-B122-4BC4-A74D-88C4569CB5F1}
	EndGlobalSection
EndGlobal
